
Microsoft Visual Studio Solution File, Format Version 12.00
# Visual Studio Version 17
VisualStudioVersion = 17.14.36310.24 d17.14
MinimumVisualStudioVersion = 10.0.40219.1
Project("{FAE04EC0-301F-11D3-BF4B-00C04F79EFBC}") = "Norr.PerformanceMonitor", "src\PerformanceMonitor\Norr.PerformanceMonitor\Norr.PerformanceMonitor.csproj", "{6E16ADC4-6D38-4ED4-8997-BB7087A045C5}"
EndProject
Project("{FAE04EC0-301F-11D3-BF4B-00C04F79EFBC}") = "Norr.PerformanceMonitor.Tests", "tests\PerformanceMonitor\Norr.PerformanceMonitor.Tests\Norr.PerformanceMonitor.Tests.csproj", "{D50B6FB0-397D-4FBB-87F9-8D1C6EE5FF66}"
EndProject
Project("{FAE04EC0-301F-11D3-BF4B-00C04F79EFBC}") = "Norr.PerformanceMonitor.Attribution", "src\PerformanceMonitor\Norr.PerformanceMonitor.Attribution\Norr.PerformanceMonitor.Attribution.csproj", "{9847F5FA-A2C5-49DC-A04F-B6C5F783C75A}"
EndProject
Global
	GlobalSection(SolutionConfigurationPlatforms) = preSolution
		Debug|Any CPU = Debug|Any CPU
		Release|Any CPU = Release|Any CPU
	EndGlobalSection
	GlobalSection(ProjectConfigurationPlatforms) = postSolution
		{6E16ADC4-6D38-4ED4-8997-BB7087A045C5}.Debug|Any CPU.ActiveCfg = Debug|Any CPU
		{6E16ADC4-6D38-4ED4-8997-BB7087A045C5}.Debug|Any CPU.Build.0 = Debug|Any CPU
		{6E16ADC4-6D38-4ED4-8997-BB7087A045C5}.Release|Any CPU.ActiveCfg = Release|Any CPU
		{6E16ADC4-6D38-4ED4-8997-BB7087A045C5}.Release|Any CPU.Build.0 = Release|Any CPU
		{D50B6FB0-397D-4FBB-87F9-8D1C6EE5FF66}.Debug|Any CPU.ActiveCfg = Debug|Any CPU
		{D50B6FB0-397D-4FBB-87F9-8D1C6EE5FF66}.Debug|Any CPU.Build.0 = Debug|Any CPU
		{D50B6FB0-397D-4FBB-87F9-8D1C6EE5FF66}.Release|Any CPU.ActiveCfg = Release|Any CPU
		{D50B6FB0-397D-4FBB-87F9-8D1C6EE5FF66}.Release|Any CPU.Build.0 = Release|Any CPU
		{9847F5FA-A2C5-49DC-A04F-B6C5F783C75A}.Debug|Any CPU.ActiveCfg = Debug|Any CPU
		{9847F5FA-A2C5-49DC-A04F-B6C5F783C75A}.Debug|Any CPU.Build.0 = Debug|Any CPU
		{9847F5FA-A2C5-49DC-A04F-B6C5F783C75A}.Release|Any CPU.ActiveCfg = Release|Any CPU
		{9847F5FA-A2C5-49DC-A04F-B6C5F783C75A}.Release|Any CPU.Build.0 = Release|Any CPU
	EndGlobalSection
	GlobalSection(SolutionProperties) = preSolution
		HideSolutionNode = FALSE
	EndGlobalSection
	GlobalSection(ExtensibilityGlobals) = postSolution
		SolutionGuid = {3935E9BB-2E82-48F5-9E29-D29F40054869}
	EndGlobalSection
EndGlobal
