
Microsoft Visual Studio Solution File, Format Version 12.00
# Visual Studio Version 17
VisualStudioVersion = 17.14.36401.2 d17.14
MinimumVisualStudioVersion = 10.0.40219.1
Project("{FAE04EC0-301F-11D3-BF4B-00C04F79EFBC}") = "Norr.PerformanceMonitor.OpenTelemetry", "Norr.PerformanceMonitor.OpenTelemetry.csproj", "{749A6848-BF8C-4A21-B238-BCC7B9859CC2}"
EndProject
Global
	GlobalSection(SolutionConfigurationPlatforms) = preSolution
		Debug|Any CPU = Debug|Any CPU
		Release|Any CPU = Release|Any CPU
	EndGlobalSection
	GlobalSection(ProjectConfigurationPlatforms) = postSolution
		{749A6848-BF8C-4A21-B238-BCC7B9859CC2}.Debug|Any CPU.ActiveCfg = Debug|Any CPU
		{749A6848-BF8C-4A21-B238-BCC7B9859CC2}.Debug|Any CPU.Build.0 = Debug|Any CPU
		{749A6848-BF8C-4A21-B238-BCC7B9859CC2}.Release|Any CPU.ActiveCfg = Release|Any CPU
		{749A6848-BF8C-4A21-B238-BCC7B9859CC2}.Release|Any CPU.Build.0 = Release|Any CPU
	EndGlobalSection
	GlobalSection(SolutionProperties) = preSolution
		HideSolutionNode = FALSE
	EndGlobalSection
	GlobalSection(ExtensibilityGlobals) = postSolution
		SolutionGuid = {05B88B5B-DEAB-483C-9EA3-A7501B4E55F4}
	EndGlobalSection
EndGlobal
